
Microsoft Visual Studio Solution File, Format Version 12.00
# Visual Studio Version 16
VisualStudioVersion = 16.0.29102.190
MinimumVisualStudioVersion = 10.0.40219.1
Project("{9A19103F-16F7-4668-BE54-9A1E7A4F7556}") = "STP.Interfaces", "STP.Interfaces\STP.Interfaces.csproj", "{38ABF6D2-4F3E-429F-8341-CCE3F328D568}"
EndProject
Project("{9A19103F-16F7-4668-BE54-9A1E7A4F7556}") = "STP.Common", "STP.Common\STP.Common.csproj", "{CA5AA246-7615-44A2-8A89-B451B0644323}"
EndProject
Project("{9A19103F-16F7-4668-BE54-9A1E7A4F7556}") = "STP.Infrastructure", "STP.Infrastructure\STP.Infrastructure.csproj", "{2E462375-32B4-40C5-8E09-2128B00CD9E4}"
EndProject
Project("{2150E333-8FDC-42A3-9474-1A3956D46DE8}") = "Services", "Services", "{3C26326A-6374-4536-910A-7BCFF65E6D32}"
EndProject
Project("{2150E333-8FDC-42A3-9474-1A3956D46DE8}") = "Identity", "Identity", "{4710BB88-A987-4D1A-AF92-70BF38F5CE14}"
EndProject
Project("{2150E333-8FDC-42A3-9474-1A3956D46DE8}") = "Markets", "Markets", "{406BBD10-353F-4985-9629-03D8861409ED}"
EndProject
Project("{9A19103F-16F7-4668-BE54-9A1E7A4F7556}") = "STP.Identity.Domain", "Services\Identity\STP.Identity.Domain\STP.Identity.Domain.csproj", "{D21B09F6-4F14-4C57-B277-1576B1B2C54D}"
EndProject
Project("{9A19103F-16F7-4668-BE54-9A1E7A4F7556}") = "STP.Identity.Infrastructure", "Services\Identity\STP.Identity.Infrastructure\STP.Identity.Infrastructure.csproj", "{0D06886F-2614-4CDC-876F-1B1491DF3DD1}"
EndProject
Project("{9A19103F-16F7-4668-BE54-9A1E7A4F7556}") = "STP.Identity.Application", "Services\Identity\STP.Identity.Application\STP.Identity.Application.csproj", "{44098E51-C7BD-4695-9246-1554CE15CBD1}"
EndProject
Project("{9A19103F-16F7-4668-BE54-9A1E7A4F7556}") = "STP.Identity.API", "Services\Identity\STP.Identity.API\STP.Identity.API.csproj", "{E4E160A7-4E59-4E6E-99A6-6022C7102B93}"
EndProject
Project("{9A19103F-16F7-4668-BE54-9A1E7A4F7556}") = "STP.Markets.Domain", "Services\Markets\STP.Markets.Domain\STP.Markets.Domain.csproj", "{FF81E49E-23FF-4DAC-B2BB-95D1D4674CCC}"
EndProject
Project("{9A19103F-16F7-4668-BE54-9A1E7A4F7556}") = "STP.Identity.Persistence", "Services\Identity\STP.Identity.Persistence\STP.Identity.Persistence.csproj", "{5571B016-624D-483D-8145-89A90C82C01F}"
EndProject
Project("{9A19103F-16F7-4668-BE54-9A1E7A4F7556}") = "STP.Markets.Infrastructure", "Services\Markets\STP.Markets.Infrastructure\STP.Markets.Infrastructure.csproj", "{D78FECEE-6719-4358-AAAA-8AEB4C6BC062}"
EndProject
Project("{9A19103F-16F7-4668-BE54-9A1E7A4F7556}") = "STP.Markets.Persistance", "Services\Markets\STP.Markets.Persistance\STP.Markets.Persistance.csproj", "{7CB11168-89B8-4213-8D09-A21BC1A8E85C}"
EndProject
Project("{9A19103F-16F7-4668-BE54-9A1E7A4F7556}") = "STP.Markets.API", "Services\Markets\STP.Markets.API\STP.Markets.API.csproj", "{497AFECE-9F70-4BB2-BEBF-9597C5829A41}"
EndProject
Project("{9A19103F-16F7-4668-BE54-9A1E7A4F7556}") = "STP.Markets.Application", "Services\Markets\STP.Markets.Application\STP.Markets.Application.csproj", "{CFDBB757-AE58-4509-A0A8-B89DC0C8D6FA}"
EndProject
Project("{9A19103F-16F7-4668-BE54-9A1E7A4F7556}") = "STP.Markets.MarketManager", "Services\Markets\STP.Markets.MarketManager\STP.Markets.MarketManager.csproj", "{6232261A-6C08-4DCD-BE6F-C1ECFC1319C5}"
EndProject
Project("{9A19103F-16F7-4668-BE54-9A1E7A4F7556}") = "STP.Markets.WatchlistManager", "Services\Markets\STP.Markets.WatchlistManager\STP.Markets.WatchlistManager.csproj", "{0BABD306-ACF3-4949-908B-E7C1BF836683}"
EndProject
Project("{2150E333-8FDC-42A3-9474-1A3956D46DE8}") = "Profile", "Profile", "{5FEDBECB-7BC9-4A96-9AAF-473419C926E3}"
EndProject
Project("{9A19103F-16F7-4668-BE54-9A1E7A4F7556}") = "STP.RabbitMq", "STP.RabbitMq\STP.RabbitMq.csproj", "{511F3BD1-7623-494A-8A38-467008D096F2}"
EndProject
Project("{9A19103F-16F7-4668-BE54-9A1E7A4F7556}") = "STP.Profile.Domain", "Services\Profile\STP.Profile.Domain\STP.Profile.Domain.csproj", "{3A39D176-8732-4344-A808-EBFB88DC6E32}"
EndProject
Project("{9A19103F-16F7-4668-BE54-9A1E7A4F7556}") = "STP.Profile.Persistence", "Services\Profile\STP.Profile.Persistence\STP.Profile.Persistence.csproj", "{7E9FEEFC-AFC4-4E26-B765-F7018A88860E}"
EndProject
Project("{9A19103F-16F7-4668-BE54-9A1E7A4F7556}") = "STP.Profile.Interfaces", "Services\Profile\STP.Profile.Interfaces\STP.Profile.Interfaces.csproj", "{AE2BB14A-F61E-4A73-ACF4-8ED1813D3B46}"
EndProject
Project("{9A19103F-16F7-4668-BE54-9A1E7A4F7556}") = "STP.Profile.Infrastructure", "Services\Profile\STP.Profile.Infrastructure\STP.Profile.Infrastructure.csproj", "{1C94DD22-9CF9-42B6-9FC7-10B328DF083B}"
EndProject
Project("{9A19103F-16F7-4668-BE54-9A1E7A4F7556}") = "STP.Profile.API", "Services\Profile\STP.Profile.API\STP.Profile.API.csproj", "{27860DCA-00AF-49BF-AE32-9783CFBEC782}"
EndProject
Project("{2150E333-8FDC-42A3-9474-1A3956D46DE8}") = "Realime", "Realime", "{4CF3D4D7-485E-49F2-861E-EFCBFF2970D7}"
EndProject
Project("{9A19103F-16F7-4668-BE54-9A1E7A4F7556}") = "STP.Realtime.API", "Services\Realtime\STP.Realtime.API\STP.Realtime.API.csproj", "{A2423A9C-319F-47D9-A1D2-0A9DC9832CAF}"
EndProject
Project("{2150E333-8FDC-42A3-9474-1A3956D46DE8}") = "Datafeed", "Datafeed", "{37D8CBE4-A892-4E96-BBA2-F87FD41C9CDF}"
EndProject
Project("{9A19103F-16F7-4668-BE54-9A1E7A4F7556}") = "STP.Datafeed.Infrastructure", "Services\Datafeed\STP.Datafeed.Infrastructure\STP.Datafeed.Infrastructure.csproj", "{BACFEC5C-A917-4564-9F21-4B119B0ACF8F}"
EndProject
Project("{9A19103F-16F7-4668-BE54-9A1E7A4F7556}") = "STP.Datafeed.Application", "Services\Datafeed\STP.Datafeed.Application\STP.Datafeed.Application.csproj", "{F04D6737-E3D1-4C78-B9F7-B6A94C0CEBA7}"
EndProject
Project("{9A19103F-16F7-4668-BE54-9A1E7A4F7556}") = "STP.Datafeed.API", "Services\Datafeed\STP.Datafeed.API\STP.Datafeed.API.csproj", "{7FDEA4EE-48A5-4071-BA3C-F706E0B5F856}"
EndProject
Project("{9A19103F-16F7-4668-BE54-9A1E7A4F7556}") = "STP.Realtime.Abstraction", "Services\Realtime\STP.Realtime.Abstraction\STP.Realtime.Abstraction.csproj", "{C0C8A671-EEF8-43A1-9209-903261E254D3}"
EndProject
Project("{9A19103F-16F7-4668-BE54-9A1E7A4F7556}") = "STP.Realtime.Infrastructure", "Services\Realtime\STP.Realtime.Infrastructure\STP.Realtime.Infrastructure.csproj", "{B5C18F74-DE0D-43E6-9836-CC32AA518C4A}"
EndProject
Project("{9A19103F-16F7-4668-BE54-9A1E7A4F7556}") = "STP.Realtime.Common", "Services\Realtime\STP.Realtime.Common\STP.Realtime.Common.csproj", "{4FC05C1E-AA12-4924-85ED-8215FF0E23C1}"
EndProject
Project("{9A19103F-16F7-4668-BE54-9A1E7A4F7556}") = "STP.Messages", "STP.Messages\STP.Messages.csproj", "{2953D869-B798-47BA-AB76-153C6FA52671}"
EndProject
Project("{FAE04EC0-301F-11D3-BF4B-00C04F79EFBC}") = "STP.Profile.UpdateService", "Services\Profile\STP.Profile.UpdateService\STP.Profile.UpdateService.csproj", "{14CB8989-7196-4E74-A6AD-D00773720ED9}"
EndProject
Global
	GlobalSection(SolutionConfigurationPlatforms) = preSolution
		Debug|Any CPU = Debug|Any CPU
		Release|Any CPU = Release|Any CPU
	EndGlobalSection
	GlobalSection(ProjectConfigurationPlatforms) = postSolution
		{38ABF6D2-4F3E-429F-8341-CCE3F328D568}.Debug|Any CPU.ActiveCfg = Debug|Any CPU
		{38ABF6D2-4F3E-429F-8341-CCE3F328D568}.Debug|Any CPU.Build.0 = Debug|Any CPU
		{38ABF6D2-4F3E-429F-8341-CCE3F328D568}.Release|Any CPU.ActiveCfg = Release|Any CPU
		{38ABF6D2-4F3E-429F-8341-CCE3F328D568}.Release|Any CPU.Build.0 = Release|Any CPU
		{CA5AA246-7615-44A2-8A89-B451B0644323}.Debug|Any CPU.ActiveCfg = Debug|Any CPU
		{CA5AA246-7615-44A2-8A89-B451B0644323}.Debug|Any CPU.Build.0 = Debug|Any CPU
		{CA5AA246-7615-44A2-8A89-B451B0644323}.Release|Any CPU.ActiveCfg = Release|Any CPU
		{CA5AA246-7615-44A2-8A89-B451B0644323}.Release|Any CPU.Build.0 = Release|Any CPU
		{2E462375-32B4-40C5-8E09-2128B00CD9E4}.Debug|Any CPU.ActiveCfg = Debug|Any CPU
		{2E462375-32B4-40C5-8E09-2128B00CD9E4}.Debug|Any CPU.Build.0 = Debug|Any CPU
		{2E462375-32B4-40C5-8E09-2128B00CD9E4}.Release|Any CPU.ActiveCfg = Release|Any CPU
		{2E462375-32B4-40C5-8E09-2128B00CD9E4}.Release|Any CPU.Build.0 = Release|Any CPU
		{D21B09F6-4F14-4C57-B277-1576B1B2C54D}.Debug|Any CPU.ActiveCfg = Debug|Any CPU
		{D21B09F6-4F14-4C57-B277-1576B1B2C54D}.Debug|Any CPU.Build.0 = Debug|Any CPU
		{D21B09F6-4F14-4C57-B277-1576B1B2C54D}.Release|Any CPU.ActiveCfg = Release|Any CPU
		{D21B09F6-4F14-4C57-B277-1576B1B2C54D}.Release|Any CPU.Build.0 = Release|Any CPU
		{0D06886F-2614-4CDC-876F-1B1491DF3DD1}.Debug|Any CPU.ActiveCfg = Debug|Any CPU
		{0D06886F-2614-4CDC-876F-1B1491DF3DD1}.Debug|Any CPU.Build.0 = Debug|Any CPU
		{0D06886F-2614-4CDC-876F-1B1491DF3DD1}.Release|Any CPU.ActiveCfg = Release|Any CPU
		{0D06886F-2614-4CDC-876F-1B1491DF3DD1}.Release|Any CPU.Build.0 = Release|Any CPU
		{44098E51-C7BD-4695-9246-1554CE15CBD1}.Debug|Any CPU.ActiveCfg = Debug|Any CPU
		{44098E51-C7BD-4695-9246-1554CE15CBD1}.Debug|Any CPU.Build.0 = Debug|Any CPU
		{44098E51-C7BD-4695-9246-1554CE15CBD1}.Release|Any CPU.ActiveCfg = Release|Any CPU
		{44098E51-C7BD-4695-9246-1554CE15CBD1}.Release|Any CPU.Build.0 = Release|Any CPU
		{E4E160A7-4E59-4E6E-99A6-6022C7102B93}.Debug|Any CPU.ActiveCfg = Debug|Any CPU
		{E4E160A7-4E59-4E6E-99A6-6022C7102B93}.Debug|Any CPU.Build.0 = Debug|Any CPU
		{E4E160A7-4E59-4E6E-99A6-6022C7102B93}.Release|Any CPU.ActiveCfg = Release|Any CPU
		{E4E160A7-4E59-4E6E-99A6-6022C7102B93}.Release|Any CPU.Build.0 = Release|Any CPU
		{FF81E49E-23FF-4DAC-B2BB-95D1D4674CCC}.Debug|Any CPU.ActiveCfg = Debug|Any CPU
		{FF81E49E-23FF-4DAC-B2BB-95D1D4674CCC}.Debug|Any CPU.Build.0 = Debug|Any CPU
		{FF81E49E-23FF-4DAC-B2BB-95D1D4674CCC}.Release|Any CPU.ActiveCfg = Release|Any CPU
		{FF81E49E-23FF-4DAC-B2BB-95D1D4674CCC}.Release|Any CPU.Build.0 = Release|Any CPU
		{5571B016-624D-483D-8145-89A90C82C01F}.Debug|Any CPU.ActiveCfg = Debug|Any CPU
		{5571B016-624D-483D-8145-89A90C82C01F}.Debug|Any CPU.Build.0 = Debug|Any CPU
		{5571B016-624D-483D-8145-89A90C82C01F}.Release|Any CPU.ActiveCfg = Release|Any CPU
		{5571B016-624D-483D-8145-89A90C82C01F}.Release|Any CPU.Build.0 = Release|Any CPU
		{D78FECEE-6719-4358-AAAA-8AEB4C6BC062}.Debug|Any CPU.ActiveCfg = Debug|Any CPU
		{D78FECEE-6719-4358-AAAA-8AEB4C6BC062}.Debug|Any CPU.Build.0 = Debug|Any CPU
		{D78FECEE-6719-4358-AAAA-8AEB4C6BC062}.Release|Any CPU.ActiveCfg = Release|Any CPU
		{D78FECEE-6719-4358-AAAA-8AEB4C6BC062}.Release|Any CPU.Build.0 = Release|Any CPU
		{7CB11168-89B8-4213-8D09-A21BC1A8E85C}.Debug|Any CPU.ActiveCfg = Debug|Any CPU
		{7CB11168-89B8-4213-8D09-A21BC1A8E85C}.Debug|Any CPU.Build.0 = Debug|Any CPU
		{7CB11168-89B8-4213-8D09-A21BC1A8E85C}.Release|Any CPU.ActiveCfg = Release|Any CPU
		{7CB11168-89B8-4213-8D09-A21BC1A8E85C}.Release|Any CPU.Build.0 = Release|Any CPU
		{497AFECE-9F70-4BB2-BEBF-9597C5829A41}.Debug|Any CPU.ActiveCfg = Debug|Any CPU
		{497AFECE-9F70-4BB2-BEBF-9597C5829A41}.Debug|Any CPU.Build.0 = Debug|Any CPU
		{497AFECE-9F70-4BB2-BEBF-9597C5829A41}.Release|Any CPU.ActiveCfg = Release|Any CPU
		{497AFECE-9F70-4BB2-BEBF-9597C5829A41}.Release|Any CPU.Build.0 = Release|Any CPU
		{CFDBB757-AE58-4509-A0A8-B89DC0C8D6FA}.Debug|Any CPU.ActiveCfg = Debug|Any CPU
		{CFDBB757-AE58-4509-A0A8-B89DC0C8D6FA}.Debug|Any CPU.Build.0 = Debug|Any CPU
		{CFDBB757-AE58-4509-A0A8-B89DC0C8D6FA}.Release|Any CPU.ActiveCfg = Release|Any CPU
		{CFDBB757-AE58-4509-A0A8-B89DC0C8D6FA}.Release|Any CPU.Build.0 = Release|Any CPU
		{6232261A-6C08-4DCD-BE6F-C1ECFC1319C5}.Debug|Any CPU.ActiveCfg = Debug|Any CPU
		{6232261A-6C08-4DCD-BE6F-C1ECFC1319C5}.Debug|Any CPU.Build.0 = Debug|Any CPU
		{6232261A-6C08-4DCD-BE6F-C1ECFC1319C5}.Release|Any CPU.ActiveCfg = Release|Any CPU
		{6232261A-6C08-4DCD-BE6F-C1ECFC1319C5}.Release|Any CPU.Build.0 = Release|Any CPU
		{0BABD306-ACF3-4949-908B-E7C1BF836683}.Debug|Any CPU.ActiveCfg = Debug|Any CPU
		{0BABD306-ACF3-4949-908B-E7C1BF836683}.Debug|Any CPU.Build.0 = Debug|Any CPU
		{0BABD306-ACF3-4949-908B-E7C1BF836683}.Release|Any CPU.ActiveCfg = Release|Any CPU
		{0BABD306-ACF3-4949-908B-E7C1BF836683}.Release|Any CPU.Build.0 = Release|Any CPU
		{511F3BD1-7623-494A-8A38-467008D096F2}.Debug|Any CPU.ActiveCfg = Debug|Any CPU
		{511F3BD1-7623-494A-8A38-467008D096F2}.Debug|Any CPU.Build.0 = Debug|Any CPU
		{511F3BD1-7623-494A-8A38-467008D096F2}.Release|Any CPU.ActiveCfg = Release|Any CPU
		{511F3BD1-7623-494A-8A38-467008D096F2}.Release|Any CPU.Build.0 = Release|Any CPU
		{3A39D176-8732-4344-A808-EBFB88DC6E32}.Debug|Any CPU.ActiveCfg = Debug|Any CPU
		{3A39D176-8732-4344-A808-EBFB88DC6E32}.Debug|Any CPU.Build.0 = Debug|Any CPU
		{3A39D176-8732-4344-A808-EBFB88DC6E32}.Release|Any CPU.ActiveCfg = Release|Any CPU
		{3A39D176-8732-4344-A808-EBFB88DC6E32}.Release|Any CPU.Build.0 = Release|Any CPU
		{7E9FEEFC-AFC4-4E26-B765-F7018A88860E}.Debug|Any CPU.ActiveCfg = Debug|Any CPU
		{7E9FEEFC-AFC4-4E26-B765-F7018A88860E}.Debug|Any CPU.Build.0 = Debug|Any CPU
		{7E9FEEFC-AFC4-4E26-B765-F7018A88860E}.Release|Any CPU.ActiveCfg = Release|Any CPU
		{7E9FEEFC-AFC4-4E26-B765-F7018A88860E}.Release|Any CPU.Build.0 = Release|Any CPU
		{AE2BB14A-F61E-4A73-ACF4-8ED1813D3B46}.Debug|Any CPU.ActiveCfg = Debug|Any CPU
		{AE2BB14A-F61E-4A73-ACF4-8ED1813D3B46}.Debug|Any CPU.Build.0 = Debug|Any CPU
		{AE2BB14A-F61E-4A73-ACF4-8ED1813D3B46}.Release|Any CPU.ActiveCfg = Release|Any CPU
		{AE2BB14A-F61E-4A73-ACF4-8ED1813D3B46}.Release|Any CPU.Build.0 = Release|Any CPU
		{1C94DD22-9CF9-42B6-9FC7-10B328DF083B}.Debug|Any CPU.ActiveCfg = Debug|Any CPU
		{1C94DD22-9CF9-42B6-9FC7-10B328DF083B}.Debug|Any CPU.Build.0 = Debug|Any CPU
		{1C94DD22-9CF9-42B6-9FC7-10B328DF083B}.Release|Any CPU.ActiveCfg = Release|Any CPU
		{1C94DD22-9CF9-42B6-9FC7-10B328DF083B}.Release|Any CPU.Build.0 = Release|Any CPU
		{27860DCA-00AF-49BF-AE32-9783CFBEC782}.Debug|Any CPU.ActiveCfg = Debug|Any CPU
		{27860DCA-00AF-49BF-AE32-9783CFBEC782}.Debug|Any CPU.Build.0 = Debug|Any CPU
		{27860DCA-00AF-49BF-AE32-9783CFBEC782}.Release|Any CPU.ActiveCfg = Release|Any CPU
		{27860DCA-00AF-49BF-AE32-9783CFBEC782}.Release|Any CPU.Build.0 = Release|Any CPU
		{A2423A9C-319F-47D9-A1D2-0A9DC9832CAF}.Debug|Any CPU.ActiveCfg = Debug|Any CPU
		{A2423A9C-319F-47D9-A1D2-0A9DC9832CAF}.Debug|Any CPU.Build.0 = Debug|Any CPU
		{A2423A9C-319F-47D9-A1D2-0A9DC9832CAF}.Release|Any CPU.ActiveCfg = Release|Any CPU
		{A2423A9C-319F-47D9-A1D2-0A9DC9832CAF}.Release|Any CPU.Build.0 = Release|Any CPU
		{BACFEC5C-A917-4564-9F21-4B119B0ACF8F}.Debug|Any CPU.ActiveCfg = Debug|Any CPU
		{BACFEC5C-A917-4564-9F21-4B119B0ACF8F}.Debug|Any CPU.Build.0 = Debug|Any CPU
		{BACFEC5C-A917-4564-9F21-4B119B0ACF8F}.Release|Any CPU.ActiveCfg = Release|Any CPU
		{BACFEC5C-A917-4564-9F21-4B119B0ACF8F}.Release|Any CPU.Build.0 = Release|Any CPU
		{F04D6737-E3D1-4C78-B9F7-B6A94C0CEBA7}.Debug|Any CPU.ActiveCfg = Debug|Any CPU
		{F04D6737-E3D1-4C78-B9F7-B6A94C0CEBA7}.Debug|Any CPU.Build.0 = Debug|Any CPU
		{F04D6737-E3D1-4C78-B9F7-B6A94C0CEBA7}.Release|Any CPU.ActiveCfg = Release|Any CPU
		{F04D6737-E3D1-4C78-B9F7-B6A94C0CEBA7}.Release|Any CPU.Build.0 = Release|Any CPU
		{7FDEA4EE-48A5-4071-BA3C-F706E0B5F856}.Debug|Any CPU.ActiveCfg = Debug|Any CPU
		{7FDEA4EE-48A5-4071-BA3C-F706E0B5F856}.Debug|Any CPU.Build.0 = Debug|Any CPU
		{7FDEA4EE-48A5-4071-BA3C-F706E0B5F856}.Release|Any CPU.ActiveCfg = Release|Any CPU
		{7FDEA4EE-48A5-4071-BA3C-F706E0B5F856}.Release|Any CPU.Build.0 = Release|Any CPU
		{C0C8A671-EEF8-43A1-9209-903261E254D3}.Debug|Any CPU.ActiveCfg = Debug|Any CPU
		{C0C8A671-EEF8-43A1-9209-903261E254D3}.Debug|Any CPU.Build.0 = Debug|Any CPU
		{C0C8A671-EEF8-43A1-9209-903261E254D3}.Release|Any CPU.ActiveCfg = Release|Any CPU
		{C0C8A671-EEF8-43A1-9209-903261E254D3}.Release|Any CPU.Build.0 = Release|Any CPU
		{B5C18F74-DE0D-43E6-9836-CC32AA518C4A}.Debug|Any CPU.ActiveCfg = Debug|Any CPU
		{B5C18F74-DE0D-43E6-9836-CC32AA518C4A}.Debug|Any CPU.Build.0 = Debug|Any CPU
		{B5C18F74-DE0D-43E6-9836-CC32AA518C4A}.Release|Any CPU.ActiveCfg = Release|Any CPU
		{B5C18F74-DE0D-43E6-9836-CC32AA518C4A}.Release|Any CPU.Build.0 = Release|Any CPU
		{4FC05C1E-AA12-4924-85ED-8215FF0E23C1}.Debug|Any CPU.ActiveCfg = Debug|Any CPU
		{4FC05C1E-AA12-4924-85ED-8215FF0E23C1}.Debug|Any CPU.Build.0 = Debug|Any CPU
		{4FC05C1E-AA12-4924-85ED-8215FF0E23C1}.Release|Any CPU.ActiveCfg = Release|Any CPU
		{4FC05C1E-AA12-4924-85ED-8215FF0E23C1}.Release|Any CPU.Build.0 = Release|Any CPU
		{2953D869-B798-47BA-AB76-153C6FA52671}.Debug|Any CPU.ActiveCfg = Debug|Any CPU
		{2953D869-B798-47BA-AB76-153C6FA52671}.Debug|Any CPU.Build.0 = Debug|Any CPU
		{2953D869-B798-47BA-AB76-153C6FA52671}.Release|Any CPU.ActiveCfg = Release|Any CPU
		{2953D869-B798-47BA-AB76-153C6FA52671}.Release|Any CPU.Build.0 = Release|Any CPU
		{14CB8989-7196-4E74-A6AD-D00773720ED9}.Debug|Any CPU.ActiveCfg = Debug|Any CPU
		{14CB8989-7196-4E74-A6AD-D00773720ED9}.Debug|Any CPU.Build.0 = Debug|Any CPU
		{14CB8989-7196-4E74-A6AD-D00773720ED9}.Release|Any CPU.ActiveCfg = Release|Any CPU
		{14CB8989-7196-4E74-A6AD-D00773720ED9}.Release|Any CPU.Build.0 = Release|Any CPU
	EndGlobalSection
	GlobalSection(SolutionProperties) = preSolution
		HideSolutionNode = FALSE
	EndGlobalSection
	GlobalSection(NestedProjects) = preSolution
		{4710BB88-A987-4D1A-AF92-70BF38F5CE14} = {3C26326A-6374-4536-910A-7BCFF65E6D32}
		{406BBD10-353F-4985-9629-03D8861409ED} = {3C26326A-6374-4536-910A-7BCFF65E6D32}
		{D21B09F6-4F14-4C57-B277-1576B1B2C54D} = {4710BB88-A987-4D1A-AF92-70BF38F5CE14}
		{0D06886F-2614-4CDC-876F-1B1491DF3DD1} = {4710BB88-A987-4D1A-AF92-70BF38F5CE14}
		{44098E51-C7BD-4695-9246-1554CE15CBD1} = {4710BB88-A987-4D1A-AF92-70BF38F5CE14}
		{E4E160A7-4E59-4E6E-99A6-6022C7102B93} = {4710BB88-A987-4D1A-AF92-70BF38F5CE14}
		{FF81E49E-23FF-4DAC-B2BB-95D1D4674CCC} = {406BBD10-353F-4985-9629-03D8861409ED}
		{5571B016-624D-483D-8145-89A90C82C01F} = {4710BB88-A987-4D1A-AF92-70BF38F5CE14}
		{D78FECEE-6719-4358-AAAA-8AEB4C6BC062} = {406BBD10-353F-4985-9629-03D8861409ED}
		{7CB11168-89B8-4213-8D09-A21BC1A8E85C} = {406BBD10-353F-4985-9629-03D8861409ED}
		{497AFECE-9F70-4BB2-BEBF-9597C5829A41} = {406BBD10-353F-4985-9629-03D8861409ED}
		{CFDBB757-AE58-4509-A0A8-B89DC0C8D6FA} = {406BBD10-353F-4985-9629-03D8861409ED}
		{6232261A-6C08-4DCD-BE6F-C1ECFC1319C5} = {406BBD10-353F-4985-9629-03D8861409ED}
		{0BABD306-ACF3-4949-908B-E7C1BF836683} = {406BBD10-353F-4985-9629-03D8861409ED}
		{5FEDBECB-7BC9-4A96-9AAF-473419C926E3} = {3C26326A-6374-4536-910A-7BCFF65E6D32}
		{3A39D176-8732-4344-A808-EBFB88DC6E32} = {5FEDBECB-7BC9-4A96-9AAF-473419C926E3}
		{7E9FEEFC-AFC4-4E26-B765-F7018A88860E} = {5FEDBECB-7BC9-4A96-9AAF-473419C926E3}
		{AE2BB14A-F61E-4A73-ACF4-8ED1813D3B46} = {5FEDBECB-7BC9-4A96-9AAF-473419C926E3}
		{1C94DD22-9CF9-42B6-9FC7-10B328DF083B} = {5FEDBECB-7BC9-4A96-9AAF-473419C926E3}
		{27860DCA-00AF-49BF-AE32-9783CFBEC782} = {5FEDBECB-7BC9-4A96-9AAF-473419C926E3}
		{4CF3D4D7-485E-49F2-861E-EFCBFF2970D7} = {3C26326A-6374-4536-910A-7BCFF65E6D32}
		{A2423A9C-319F-47D9-A1D2-0A9DC9832CAF} = {4CF3D4D7-485E-49F2-861E-EFCBFF2970D7}
		{37D8CBE4-A892-4E96-BBA2-F87FD41C9CDF} = {3C26326A-6374-4536-910A-7BCFF65E6D32}
		{BACFEC5C-A917-4564-9F21-4B119B0ACF8F} = {37D8CBE4-A892-4E96-BBA2-F87FD41C9CDF}
		{F04D6737-E3D1-4C78-B9F7-B6A94C0CEBA7} = {37D8CBE4-A892-4E96-BBA2-F87FD41C9CDF}
		{7FDEA4EE-48A5-4071-BA3C-F706E0B5F856} = {37D8CBE4-A892-4E96-BBA2-F87FD41C9CDF}
		{C0C8A671-EEF8-43A1-9209-903261E254D3} = {4CF3D4D7-485E-49F2-861E-EFCBFF2970D7}
		{B5C18F74-DE0D-43E6-9836-CC32AA518C4A} = {4CF3D4D7-485E-49F2-861E-EFCBFF2970D7}
		{4FC05C1E-AA12-4924-85ED-8215FF0E23C1} = {4CF3D4D7-485E-49F2-861E-EFCBFF2970D7}
		{14CB8989-7196-4E74-A6AD-D00773720ED9} = {5FEDBECB-7BC9-4A96-9AAF-473419C926E3}
	EndGlobalSection
	GlobalSection(ExtensibilityGlobals) = postSolution
		SolutionGuid = {EC7ECD06-68D9-48BD-A5BB-82B8CCB88BE3}
	EndGlobalSection
EndGlobal
